
Microsoft Visual Studio Solution File, Format Version 12.00
# Visual Studio Version 17
VisualStudioVersion = 17.7.34024.191
MinimumVisualStudioVersion = 10.0.40219.1
Project("{FAE04EC0-301F-11D3-BF4B-00C04F79EFBC}") = "n01629177Assignment2", "n01629177Assignment2\n01629177Assignment2.csproj", "{0A616FE6-C461-4465-8172-93DCE7AD917A}"
EndProject
Global
	GlobalSection(SolutionConfigurationPlatforms) = preSolution
		Debug|Any CPU = Debug|Any CPU
		Release|Any CPU = Release|Any CPU
	EndGlobalSection
	GlobalSection(ProjectConfigurationPlatforms) = postSolution
		{0A616FE6-C461-4465-8172-93DCE7AD917A}.Debug|Any CPU.ActiveCfg = Debug|Any CPU
		{0A616FE6-C461-4465-8172-93DCE7AD917A}.Debug|Any CPU.Build.0 = Debug|Any CPU
		{0A616FE6-C461-4465-8172-93DCE7AD917A}.Release|Any CPU.ActiveCfg = Release|Any CPU
		{0A616FE6-C461-4465-8172-93DCE7AD917A}.Release|Any CPU.Build.0 = Release|Any CPU
	EndGlobalSection
	GlobalSection(SolutionProperties) = preSolution
		HideSolutionNode = FALSE
	EndGlobalSection
	GlobalSection(ExtensibilityGlobals) = postSolution
		SolutionGuid = {99CDCD6B-1A17-47B0-8151-4148DE273C7A}
	EndGlobalSection
EndGlobal
